# THIS IS AN AUTOGENERATED FILE. DO NOT EDIT THIS FILE DIRECTLY.
# yarn lockfile v1


as-base64@^0.2.0:
  version "0.2.0"
  resolved "https://registry.yarnpkg.com/as-base64/-/as-base64-0.2.0.tgz#b4bed937c93bfb6524b932b517e1b8571a0dd518"
  integrity sha512-j6JxprAVN4SXUcZiSChuMBf0JJOCdh5OfrHAepluxmFWuDZZm+YjmfNSk8djUHRPEB+Ui5HGvrz46GLvTJf3ig==

as-wasi@^0.4.6:
  version "0.4.6"
  resolved "https://registry.yarnpkg.com/as-wasi/-/as-wasi-0.4.6.tgz#e32f1e65ff1bc5abe910362a8024019143910f26"
  integrity sha512-HFWdxLVHrOfchf/M+gE2IczsHBkWXqekZZfHYmDj6WP1UnpQC4k44OeyjqmSwC/db1tppEwCUssDCuFGnMdJZw==

assemblyscript@^0.20.10:
  version "0.20.19"
  resolved "https://registry.yarnpkg.com/assemblyscript/-/assemblyscript-0.20.19.tgz#7c29f506a31d526f7d7e3b22908cc8774b378681"
  integrity sha512-IJN2CaAwCdRgTSZz3GiuYyXtXIjETBrlzky9ww9jFlEgH8i0pNFt6MAS3viogkofem+rcY6Fhr/clk+b6LWLBw==
  dependencies:
    binaryen "109.0.0-nightly.20220813"
    long "^5.2.0"

binaryen@109.0.0-nightly.20220813:
  version "109.0.0-nightly.20220813"
  resolved "https://registry.yarnpkg.com/binaryen/-/binaryen-109.0.0-nightly.20220813.tgz#6928acf8820fc1270d41dbb157c0c2337a067d20"
  integrity sha512-u85Ti3LiGRrV0HqdNDRknalkx7QiCSL0jNsEsT522nnZacWxUaSJEILphxc2OnzmHVtdiWBE3c4lEzlU3ZEyDw==

bindings@^1.5.0:
  version "1.5.0"
  resolved "https://registry.yarnpkg.com/bindings/-/bindings-1.5.0.tgz#10353c9e945334bc0511a6d90b38fbc7c9c504df"
  integrity sha512-p2q/t/mhvuOj/UeLlV6566GD/guowlr0hHxClI0W9m7MWYkL1F0hLo+0Aexs9HSPCtR1SXQ0TD3MMKrXZajbiQ==
  dependencies:
    file-uri-to-path "1.0.0"

file-uri-to-path@1.0.0:
  version "1.0.0"
  resolved "https://registry.yarnpkg.com/file-uri-to-path/-/file-uri-to-path-1.0.0.tgz#553a7b8446ff6f684359c445f1e37a05dacc33dd"
  integrity sha512-0Zt+s3L7Vf1biwWZ29aARiVYLx7iMGnEUl9x33fbB/j3jR81u/O2LbqK+Bm1CDSNDKVtJ/YjwY7TUd5SkeLQLw==

long@^5.2.0:
  version "5.2.0"
  resolved "https://registry.yarnpkg.com/long/-/long-5.2.0.tgz#2696dadf4b4da2ce3f6f6b89186085d94d52fd61"
  integrity sha512-9RTUNjK60eJbx3uz+TEGF7fUr29ZDxR5QzXcyDpeSfeH28S9ycINflOgOlppit5U+4kNTe83KQnMEerw7GmE8w==

wasi@^0.0.6:
  version "0.0.6"
  resolved "https://registry.yarnpkg.com/wasi/-/wasi-0.0.6.tgz#dc262b456c643241194b5669736cb88b2f71039f"
  integrity sha512-D3f4Q/3LojW1uMloOC1OuFlGy2u22hLqpskAz0OkmoYeWIwVYf8XBuc9ihDGJnNf3lfNvqM4s0030sN0UUXExw==
  dependencies:
    bindings "^1.5.0"
